
Microsoft Visual Studio Solution File, Format Version 12.00
# Visual Studio Version 17
VisualStudioVersion = 17.5.33414.496
MinimumVisualStudioVersion = 10.0.40219.1
Project("{FAE04EC0-301F-11D3-BF4B-00C04F79EFBC}") = "statuUpdateTool", "statuUpdateTool\statuUpdateTool.csproj", "{A1EC33B9-0F3B-4231-BBC8-CF7B1DFD63DA}"
EndProject
Global
	GlobalSection(SolutionConfigurationPlatforms) = preSolution
		Debug|Any CPU = Debug|Any CPU
		Release|Any CPU = Release|Any CPU
	EndGlobalSection
	GlobalSection(ProjectConfigurationPlatforms) = postSolution
		{A1EC33B9-0F3B-4231-BBC8-CF7B1DFD63DA}.Debug|Any CPU.ActiveCfg = Debug|Any CPU
		{A1EC33B9-0F3B-4231-BBC8-CF7B1DFD63DA}.Debug|Any CPU.Build.0 = Debug|Any CPU
		{A1EC33B9-0F3B-4231-BBC8-CF7B1DFD63DA}.Release|Any CPU.ActiveCfg = Release|Any CPU
		{A1EC33B9-0F3B-4231-BBC8-CF7B1DFD63DA}.Release|Any CPU.Build.0 = Release|Any CPU
	EndGlobalSection
	GlobalSection(SolutionProperties) = preSolution
		HideSolutionNode = FALSE
	EndGlobalSection
	GlobalSection(ExtensibilityGlobals) = postSolution
		SolutionGuid = {CF3189CC-4494-4B1D-9C72-B7ECEF37423E}
	EndGlobalSection
EndGlobal
